
Microsoft Visual Studio Solution File, Format Version 12.00
# Visual Studio Version 17
VisualStudioVersion = 17.9.34607.119
MinimumVisualStudioVersion = 10.0.40219.1
Project("{9A19103F-16F7-4668-BE54-9A1E7A4F7556}") = "ToDoListApp", "ToDoListApp\ToDoListApp.csproj", "{3D44906A-3ACF-4F0C-9406-9B4518C5AD1C}"
EndProject
Global
	GlobalSection(SolutionConfigurationPlatforms) = preSolution
		Debug|Any CPU = Debug|Any CPU
		Release|Any CPU = Release|Any CPU
	EndGlobalSection
	GlobalSection(ProjectConfigurationPlatforms) = postSolution
		{3D44906A-3ACF-4F0C-9406-9B4518C5AD1C}.Debug|Any CPU.ActiveCfg = Debug|Any CPU
		{3D44906A-3ACF-4F0C-9406-9B4518C5AD1C}.Debug|Any CPU.Build.0 = Debug|Any CPU
		{3D44906A-3ACF-4F0C-9406-9B4518C5AD1C}.Release|Any CPU.ActiveCfg = Release|Any CPU
		{3D44906A-3ACF-4F0C-9406-9B4518C5AD1C}.Release|Any CPU.Build.0 = Release|Any CPU
	EndGlobalSection
	GlobalSection(SolutionProperties) = preSolution
		HideSolutionNode = FALSE
	EndGlobalSection
	GlobalSection(ExtensibilityGlobals) = postSolution
		SolutionGuid = {E479700A-7822-4566-BAAB-B90DDF3AD9DA}
	EndGlobalSection
EndGlobal
